Microsoft Visual Studio Solution File, Format Version 12.00
# Visual Studio Version 17
VisualStudioVersion = 17.5.2.0
MinimumVisualStudioVersion = 10.0.40219.1
Project("{FAE04EC0-301F-11D3-BF4B-00C04F79EFBC}") = "EditionChanger", "EditionChanger.csproj", "{663F6DF6-7189-55C8-19F5-8F956134DFDC}"
EndProject
Global
	GlobalSection(SolutionConfigurationPlatforms) = preSolution
		Debug|Any CPU = Debug|Any CPU
		Release|Any CPU = Release|Any CPU
	EndGlobalSection
	GlobalSection(ProjectConfigurationPlatforms) = postSolution
		{663F6DF6-7189-55C8-19F5-8F956134DFDC}.Debug|Any CPU.ActiveCfg = Debug|Any CPU
		{663F6DF6-7189-55C8-19F5-8F956134DFDC}.Debug|Any CPU.Build.0 = Debug|Any CPU
		{663F6DF6-7189-55C8-19F5-8F956134DFDC}.Release|Any CPU.ActiveCfg = Release|Any CPU
		{663F6DF6-7189-55C8-19F5-8F956134DFDC}.Release|Any CPU.Build.0 = Release|Any CPU
	EndGlobalSection
	GlobalSection(SolutionProperties) = preSolution
		HideSolutionNode = FALSE
	EndGlobalSection
	GlobalSection(ExtensibilityGlobals) = postSolution
		SolutionGuid = {33F7E9F7-F51E-494C-A3F2-40F30D1395ED}
	EndGlobalSection
EndGlobal
